// !$*UTF8*$!
{
	archiveVersion = 1;
	classes = {
	};
	objectVersion = 48;
	objects = {

/* Begin PBXBuildFile section */
		0F1CB3FAEDE436DCAE87750C /* Pods_Bea_Cukai.framework in Frameworks */ = {isa = PBXBuildFile; fileRef = 2ACCA9B754270FA390B12757 /* Pods_Bea_Cukai.framework */; };
		6513EAB61F86381400C0DCDC /* APIManager.swift in Sources */ = {isa = PBXBuildFile; fileRef = 6513EAB51F86381400C0DCDC /* APIManager.swift */; };
		6515C32E1F7402400069EBA9 /* HomeViewController.swift in Sources */ = {isa = PBXBuildFile; fileRef = 6515C32D1F7402400069EBA9 /* HomeViewController.swift */; };
		651816781F8532D8002799D8 /* FooterSearch.xib in Resources */ = {isa = PBXBuildFile; fileRef = 651816771F85323D002799D8 /* FooterSearch.xib */; };
		6518167A1F853312002799D8 /* ReloadView.xib in Resources */ = {isa = PBXBuildFile; fileRef = 651816791F853312002799D8 /* ReloadView.xib */; };
		6518CBDE1F7F6AD800A2EBB2 /* BottomBackgrund.swift in Sources */ = {isa = PBXBuildFile; fileRef = 6518CBDD1F7F6AD800A2EBB2 /* BottomBackgrund.swift */; };
		6518CBE41F7FA0DD00A2EBB2 /* UIViewController.swift in Sources */ = {isa = PBXBuildFile; fileRef = 6518CBE31F7FA0DD00A2EBB2 /* UIViewController.swift */; };
		6518CBE61F7FBF4700A2EBB2 /* Tarif.swift in Sources */ = {isa = PBXBuildFile; fileRef = 6518CBE51F7FBF4700A2EBB2 /* Tarif.swift */; };
		6525CE7F1F67189400D4BFE2 /* Main.storyboard in Resources */ = {isa = PBXBuildFile; fileRef = 6525CE7E1F67189400D4BFE2 /* Main.storyboard */; };
		652940DB1F75FF8800B2B660 /* ViewShadow.swift in Sources */ = {isa = PBXBuildFile; fileRef = 652940DA1F75FF8800B2B660 /* ViewShadow.swift */; };
		6532FCFD1F77FFFC00459DA4 /* Kurs.swift in Sources */ = {isa = PBXBuildFile; fileRef = 6532FCFC1F77FFFC00459DA4 /* Kurs.swift */; };
		6532FCFF1F78030100459DA4 /* HomeViewModel.swift in Sources */ = {isa = PBXBuildFile; fileRef = 6532FCFE1F78030100459DA4 /* HomeViewModel.swift */; };
		6536A35F1F87DD6200A06D59 /* KursViewController.swift in Sources */ = {isa = PBXBuildFile; fileRef = 6536A35E1F87DD6200A06D59 /* KursViewController.swift */; };
		6536A3611F8852EF00A06D59 /* Reloadable.swift in Sources */ = {isa = PBXBuildFile; fileRef = 6536A3601F8852EE00A06D59 /* Reloadable.swift */; };
		6536A3631F88596E00A06D59 /* KursInStack.swift in Sources */ = {isa = PBXBuildFile; fileRef = 6536A3621F88596E00A06D59 /* KursInStack.swift */; };
		6536A3651F885BA400A06D59 /* KursViewModel.swift in Sources */ = {isa = PBXBuildFile; fileRef = 6536A3641F885BA400A06D59 /* KursViewModel.swift */; };
		6536A3671F88602A00A06D59 /* Symbol.swift in Sources */ = {isa = PBXBuildFile; fileRef = 6536A3661F88602A00A06D59 /* Symbol.swift */; };
		653AD00A1F9304B700733876 /* BeaPickerView.swift in Sources */ = {isa = PBXBuildFile; fileRef = 653AD0091F9304B600733876 /* BeaPickerView.swift */; };
		653AD00C1F9361FE00733876 /* BeaPickerView.xib in Resources */ = {isa = PBXBuildFile; fileRef = 653AD00B1F9361FE00733876 /* BeaPickerView.xib */; };
		653AD00E1F93837200733876 /* BeaPickerViewModel.swift in Sources */ = {isa = PBXBuildFile; fileRef = 653AD00D1F93837200733876 /* BeaPickerViewModel.swift */; };
		653AD0111F93A31C00733876 /* ResultCell.swift in Sources */ = {isa = PBXBuildFile; fileRef = 653AD00F1F93A31C00733876 /* ResultCell.swift */; };
		653AD0121F93A31C00733876 /* ResultCell.xib in Resources */ = {isa = PBXBuildFile; fileRef = 653AD0101F93A31C00733876 /* ResultCell.xib */; };
		653AD0141F93A68C00733876 /* ResultViewController.swift in Sources */ = {isa = PBXBuildFile; fileRef = 653AD0131F93A68C00733876 /* ResultViewController.swift */; };
		654222AA1F63E66A00CE3A84 /* AppDelegate.swift in Sources */ = {isa = PBXBuildFile; fileRef = 654222A91F63E66A00CE3A84 /* AppDelegate.swift */; };
		654222BE1F646DA400CE3A84 /* Biaya.swift in Sources */ = {isa = PBXBuildFile; fileRef = 654222BD1F646DA400CE3A84 /* Biaya.swift */; };
		654222C11F646FE100CE3A84 /* BiayaViewModel.swift in Sources */ = {isa = PBXBuildFile; fileRef = 654222C01F646FE100CE3A84 /* BiayaViewModel.swift */; };
		6549E2F91F82AA39009B46E1 /* ReloadView.swift in Sources */ = {isa = PBXBuildFile; fileRef = 6549E2F81F82AA39009B46E1 /* ReloadView.swift */; };
		65550A5F1F6AB6BA00F036E9 /* CalculatorViewModel.swift in Sources */ = {isa = PBXBuildFile; fileRef = 65550A5E1F6AB6BA00F036E9 /* CalculatorViewModel.swift */; };
		6555BEFB1F962A3400C63F14 /* ResultViewModel.swift in Sources */ = {isa = PBXBuildFile; fileRef = 6555BEFA1F962A3400C63F14 /* ResultViewModel.swift */; };
		6558B9391F7D79F7004FFBB6 /* SourceSansPro-Regular.otf in Resources */ = {isa = PBXBuildFile; fileRef = 6558B9351F7D79F1004FFBB6 /* SourceSansPro-Regular.otf */; };
		6558B93A1F7D79F7004FFBB6 /* SIL Open Font License.txt in Resources */ = {isa = PBXBuildFile; fileRef = 6558B9361F7D79F3004FFBB6 /* SIL Open Font License.txt */; };
		6558B93B1F7D79F7004FFBB6 /* SourceSansPro-Semibold.otf in Resources */ = {isa = PBXBuildFile; fileRef = 6558B9371F7D79F3004FFBB6 /* SourceSansPro-Semibold.otf */; };
		6558B93C1F7D79F7004FFBB6 /* SourceSansPro-Bold.otf in Resources */ = {isa = PBXBuildFile; fileRef = 6558B9381F7D79F5004FFBB6 /* SourceSansPro-Bold.otf */; };
		655A3C041F76092A0015000B /* ViewInStack.swift in Sources */ = {isa = PBXBuildFile; fileRef = 655A3C031F76092A0015000B /* ViewInStack.swift */; };
		6560156B1F9CA0E3001A00C4 /* GuideViewController.swift in Sources */ = {isa = PBXBuildFile; fileRef = 6560156A1F9CA0E3001A00C4 /* GuideViewController.swift */; };
		6560156F1F9CFBCB001A00C4 /* Pengaduan.xib in Resources */ = {isa = PBXBuildFile; fileRef = 6560156E1F9CFBCB001A00C4 /* Pengaduan.xib */; };
		656015711F9D0727001A00C4 /* GuideViewModel.swift in Sources */ = {isa = PBXBuildFile; fileRef = 656015701F9D0727001A00C4 /* GuideViewModel.swift */; };
		656E6DE41FBF0C620091A4F9 /* Bea_CukaiUITests.swift in Sources */ = {isa = PBXBuildFile; fileRef = 656E6DE31FBF0C620091A4F9 /* Bea_CukaiUITests.swift */; };
		658E96821F9C3140004EA531 /* UIView.swift in Sources */ = {isa = PBXBuildFile; fileRef = 658E96811F9C3140004EA531 /* UIView.swift */; };
		658E96841F9C8FF9004EA531 /* RumusBeaMasuk.xib in Resources */ = {isa = PBXBuildFile; fileRef = 658E96831F9C8FF9004EA531 /* RumusBeaMasuk.xib */; };
		658E96861F9C98E6004EA531 /* Developer.xib in Resources */ = {isa = PBXBuildFile; fileRef = 658E96851F9C98E6004EA531 /* Developer.xib */; };
		6591ED701F66EE8000A46885 /* CalculatorViewController.swift in Sources */ = {isa = PBXBuildFile; fileRef = 6591ED6F1F66EE8000A46885 /* CalculatorViewController.swift */; };
		6591ED721F66EF0500A46885 /* CalculatorCell.swift in Sources */ = {isa = PBXBuildFile; fileRef = 6591ED711F66EF0500A46885 /* CalculatorCell.swift */; };
		6595DE9F1F9E25B2005938E0 /* Pengaduan.swift in Sources */ = {isa = PBXBuildFile; fileRef = 6595DE9E1F9E25B2005938E0 /* Pengaduan.swift */; };
		65B6A05E1FB36C09006BB8A7 /* FAQViewController.swift in Sources */ = {isa = PBXBuildFile; fileRef = 65B6A05D1FB36C09006BB8A7 /* FAQViewController.swift */; };
		65B6A0601FB36C72006BB8A7 /* FAQ.swift in Sources */ = {isa = PBXBuildFile; fileRef = 65B6A05F1FB36C72006BB8A7 /* FAQ.swift */; };
		65B6A0621FB36DC5006BB8A7 /* FAQViewModel.swift in Sources */ = {isa = PBXBuildFile; fileRef = 65B6A0611FB36DC5006BB8A7 /* FAQViewModel.swift */; };
		65B8D06F1F965697009AFD02 /* BiayaViewController.swift in Sources */ = {isa = PBXBuildFile; fileRef = 65B8D06E1F965697009AFD02 /* BiayaViewController.swift */; };
		65C0DBF91F849D9000729C1C /* btki.json in Resources */ = {isa = PBXBuildFile; fileRef = 65C0DBF71F84067900729C1C /* btki.json */; };
		65C0DBFB1F84B0E100729C1C /* FooterSearch.swift in Sources */ = {isa = PBXBuildFile; fileRef = 65C0DBFA1F84B0E100729C1C /* FooterSearch.swift */; };
		65C8BCA51F765FF900E95E71 /* ButtonCalculate.swift in Sources */ = {isa = PBXBuildFile; fileRef = 65C8BCA41F765FF900E95E71 /* ButtonCalculate.swift */; };
		65CC81F51F8FC71E002E156A /* BottomImage.swift in Sources */ = {isa = PBXBuildFile; fileRef = 65CC81F41F8FC71E002E156A /* BottomImage.swift */; };
		65CC81F71F91A17B002E156A /* SearchViewController.swift in Sources */ = {isa = PBXBuildFile; fileRef = 65CC81F61F91A17B002E156A /* SearchViewController.swift */; };
		65CC81F91F91A66D002E156A /* CalculatorCell.xib in Resources */ = {isa = PBXBuildFile; fileRef = 65CC81F81F91A66D002E156A /* CalculatorCell.xib */; };
		65CC81FB1F922552002E156A /* SearchViewModel.swift in Sources */ = {isa = PBXBuildFile; fileRef = 65CC81FA1F922552002E156A /* SearchViewModel.swift */; };
		65D4198B1FCD0F4E002B2811 /* Images.xcassets in Resources */ = {isa = PBXBuildFile; fileRef = 657AA3941F7D65F8004F3CA6 /* Images.xcassets */; };
		65DAAE4D1F9F7433005ABB1D /* CaraHitungCell.swift in Sources */ = {isa = PBXBuildFile; fileRef = 65DAAE4B1F9F7433005ABB1D /* CaraHitungCell.swift */; };
		65DAAE4E1F9F7433005ABB1D /* CaraHitungCell.xib in Resources */ = {isa = PBXBuildFile; fileRef = 65DAAE4C1F9F7433005ABB1D /* CaraHitungCell.xib */; };
		65DAAE501F9F7863005ABB1D /* CaraHitungController.swift in Sources */ = {isa = PBXBuildFile; fileRef = 65DAAE4F1F9F7863005ABB1D /* CaraHitungController.swift */; };
		65DAAE521F9F7F63005ABB1D /* CaraHitungViewModel.swift in Sources */ = {isa = PBXBuildFile; fileRef = 65DAAE511F9F7F62005ABB1D /* CaraHitungViewModel.swift */; };
		65DBFAA81FAEC8A300BB6330 /* UIImage.swift in Sources */ = {isa = PBXBuildFile; fileRef = 65DBFAA71FAEC8A300BB6330 /* UIImage.swift */; };
		65ED8AC81F9A590F0082C46D /* KursInStack.xib in Resources */ = {isa = PBXBuildFile; fileRef = 65ED8AC71F9A590F0082C46D /* KursInStack.xib */; };
		65F1F4F61F7AB76D0062F63F /* UILabel.swift in Sources */ = {isa = PBXBuildFile; fileRef = 65F1F4F51F7AB76D0062F63F /* UILabel.swift */; };
		65F5CB661F751A46005432D8 /* Launch.storyboard in Resources */ = {isa = PBXBuildFile; fileRef = 65F5CB651F751A46005432D8 /* Launch.storyboard */; };
/* End PBXBuildFile section */

/* Begin PBXContainerItemProxy section */
		656E6DE61FBF0C620091A4F9 /* PBXContainerItemProxy */ = {
			isa = PBXContainerItemProxy;
			containerPortal = 6542229E1F63E66A00CE3A84 /* Project object */;
			proxyType = 1;
			remoteGlobalIDString = 654222A51F63E66A00CE3A84;
			remoteInfo = "Bea Cukai";
		};
/* End PBXContainerItemProxy section */

/* Begin PBXFileReference section */
		021D36A339B1D5BB5473F645 /* Pods-Bea Cukai.debug.xcconfig */ = {isa = PBXFileReference; includeInIndex = 1; lastKnownFileType = text.xcconfig; name = "Pods-Bea Cukai.debug.xcconfig"; path = "Pods/Target Support Files/Pods-Bea Cukai/Pods-Bea Cukai.debug.xcconfig"; sourceTree = "<group>"; };
		2ACCA9B754270FA390B12757 /* Pods_Bea_Cukai.framework */ = {isa = PBXFileReference; explicitFileType = wrapper.framework; includeInIndex = 0; path = Pods_Bea_Cukai.framework; sourceTree = BUILT_PRODUCTS_DIR; };
		6513EAAD1F85EA2200C0DCDC /* SwiftyJSON.framework */ = {isa = PBXFileReference; explicitFileType = wrapper.framework; path = SwiftyJSON.framework; sourceTree = BUILT_PRODUCTS_DIR; };
		6513EAAF1F85EE1900C0DCDC /* Bea Cukai-Bridging-Header.h */ = {isa = PBXFileReference; lastKnownFileType = sourcecode.c.h; path = "Bea Cukai-Bridging-Header.h"; sourceTree = "<group>"; };
		6513EAB51F86381400C0DCDC /* APIManager.swift */ = {isa = PBXFileReference; lastKnownFileType = sourcecode.swift; path = APIManager.swift; sourceTree = "<group>"; };
		6515C32D1F7402400069EBA9 /* HomeViewController.swift */ = {isa = PBXFileReference; lastKnownFileType = sourcecode.swift; path = HomeViewController.swift; sourceTree = "<group>"; };
		651816771F85323D002799D8 /* FooterSearch.xib */ = {isa = PBXFileReference; lastKnownFileType = file.xib; path = FooterSearch.xib; sourceTree = "<group>"; };
		651816791F853312002799D8 /* ReloadView.xib */ = {isa = PBXFileReference; lastKnownFileType = file.xib; path = ReloadView.xib; sourceTree = "<group>"; };
		6518CBDD1F7F6AD800A2EBB2 /* BottomBackgrund.swift */ = {isa = PBXFileReference; lastKnownFileType = sourcecode.swift; path = BottomBackgrund.swift; sourceTree = "<group>"; };
		6518CBE31F7FA0DD00A2EBB2 /* UIViewController.swift */ = {isa = PBXFileReference; lastKnownFileType = sourcecode.swift; path = UIViewController.swift; sourceTree = "<group>"; };
		6518CBE51F7FBF4700A2EBB2 /* Tarif.swift */ = {isa = PBXFileReference; lastKnownFileType = sourcecode.swift; path = Tarif.swift; sourceTree = "<group>"; };
		6525CE7E1F67189400D4BFE2 /* Main.storyboard */ = {isa = PBXFileReference; lastKnownFileType = file.storyboard; path = Main.storyboard; sourceTree = "<group>"; };
		652940DA1F75FF8800B2B660 /* ViewShadow.swift */ = {isa = PBXFileReference; lastKnownFileType = sourcecode.swift; path = ViewShadow.swift; sourceTree = "<group>"; };
		6532FCFC1F77FFFC00459DA4 /* Kurs.swift */ = {isa = PBXFileReference; lastKnownFileType = sourcecode.swift; path = Kurs.swift; sourceTree = "<group>"; };
		6532FCFE1F78030100459DA4 /* HomeViewModel.swift */ = {isa = PBXFileReference; lastKnownFileType = sourcecode.swift; path = HomeViewModel.swift; sourceTree = "<group>"; };
		6536A35E1F87DD6200A06D59 /* KursViewController.swift */ = {isa = PBXFileReference; lastKnownFileType = sourcecode.swift; path = KursViewController.swift; sourceTree = "<group>"; };
		6536A3601F8852EE00A06D59 /* Reloadable.swift */ = {isa = PBXFileReference; lastKnownFileType = sourcecode.swift; path = Reloadable.swift; sourceTree = "<group>"; };
		6536A3621F88596E00A06D59 /* KursInStack.swift */ = {isa = PBXFileReference; lastKnownFileType = sourcecode.swift; path = KursInStack.swift; sourceTree = "<group>"; };
		6536A3641F885BA400A06D59 /* KursViewModel.swift */ = {isa = PBXFileReference; lastKnownFileType = sourcecode.swift; path = KursViewModel.swift; sourceTree = "<group>"; };
		6536A3661F88602A00A06D59 /* Symbol.swift */ = {isa = PBXFileReference; lastKnownFileType = sourcecode.swift; path = Symbol.swift; sourceTree = "<group>"; };
		653AD0091F9304B600733876 /* BeaPickerView.swift */ = {isa = PBXFileReference; lastKnownFileType = sourcecode.swift; path = BeaPickerView.swift; sourceTree = "<group>"; };
		653AD00B1F9361FE00733876 /* BeaPickerView.xib */ = {isa = PBXFileReference; lastKnownFileType = file.xib; path = BeaPickerView.xib; sourceTree = "<group>"; };
		653AD00D1F93837200733876 /* BeaPickerViewModel.swift */ = {isa = PBXFileReference; lastKnownFileType = sourcecode.swift; path = BeaPickerViewModel.swift; sourceTree = "<group>"; };
		653AD00F1F93A31C00733876 /* ResultCell.swift */ = {isa = PBXFileReference; lastKnownFileType = sourcecode.swift; path = ResultCell.swift; sourceTree = "<group>"; };
		653AD0101F93A31C00733876 /* ResultCell.xib */ = {isa = PBXFileReference; lastKnownFileType = file.xib; path = ResultCell.xib; sourceTree = "<group>"; };
		653AD0131F93A68C00733876 /* ResultViewController.swift */ = {isa = PBXFileReference; lastKnownFileType = sourcecode.swift; path = ResultViewController.swift; sourceTree = "<group>"; };
		654222A61F63E66A00CE3A84 /* Bea Cukai.app */ = {isa = PBXFileReference; explicitFileType = wrapper.application; includeInIndex = 0; path = "Bea Cukai.app"; sourceTree = BUILT_PRODUCTS_DIR; };
		654222A91F63E66A00CE3A84 /* AppDelegate.swift */ = {isa = PBXFileReference; lastKnownFileType = sourcecode.swift; path = AppDelegate.swift; sourceTree = "<group>"; };
		654222B51F63E66A00CE3A84 /* Info.plist */ = {isa = PBXFileReference; lastKnownFileType = text.plist.xml; path = Info.plist; sourceTree = "<group>"; };
		654222BD1F646DA400CE3A84 /* Biaya.swift */ = {isa = PBXFileReference; lastKnownFileType = sourcecode.swift; path = Biaya.swift; sourceTree = "<group>"; };
		654222C01F646FE100CE3A84 /* BiayaViewModel.swift */ = {isa = PBXFileReference; lastKnownFileType = sourcecode.swift; path = BiayaViewModel.swift; sourceTree = "<group>"; };
		6549E2F81F82AA39009B46E1 /* ReloadView.swift */ = {isa = PBXFileReference; lastKnownFileType = sourcecode.swift; path = ReloadView.swift; sourceTree = "<group>"; };
		65550A5E1F6AB6BA00F036E9 /* CalculatorViewModel.swift */ = {isa = PBXFileReference; lastKnownFileType = sourcecode.swift; path = CalculatorViewModel.swift; sourceTree = "<group>"; };
		6555BEFA1F962A3400C63F14 /* ResultViewModel.swift */ = {isa = PBXFileReference; lastKnownFileType = sourcecode.swift; path = ResultViewModel.swift; sourceTree = "<group>"; };
		6558B9351F7D79F1004FFBB6 /* SourceSansPro-Regular.otf */ = {isa = PBXFileReference; lastKnownFileType = file; path = "SourceSansPro-Regular.otf"; sourceTree = "<group>"; };
		6558B9361F7D79F3004FFBB6 /* SIL Open Font License.txt */ = {isa = PBXFileReference; lastKnownFileType = text; path = "SIL Open Font License.txt"; sourceTree = "<group>"; };
		6558B9371F7D79F3004FFBB6 /* SourceSansPro-Semibold.otf */ = {isa = PBXFileReference; lastKnownFileType = file; path = "SourceSansPro-Semibold.otf"; sourceTree = "<group>"; };
		6558B9381F7D79F5004FFBB6 /* SourceSansPro-Bold.otf */ = {isa = PBXFileReference; lastKnownFileType = file; path = "SourceSansPro-Bold.otf"; sourceTree = "<group>"; };
		655A3C031F76092A0015000B /* ViewInStack.swift */ = {isa = PBXFileReference; lastKnownFileType = sourcecode.swift; path = ViewInStack.swift; sourceTree = "<group>"; };
		6560156A1F9CA0E3001A00C4 /* GuideViewController.swift */ = {isa = PBXFileReference; lastKnownFileType = sourcecode.swift; path = GuideViewController.swift; sourceTree = "<group>"; };
		6560156E1F9CFBCB001A00C4 /* Pengaduan.xib */ = {isa = PBXFileReference; lastKnownFileType = file.xib; path = Pengaduan.xib; sourceTree = "<group>"; };
		656015701F9D0727001A00C4 /* GuideViewModel.swift */ = {isa = PBXFileReference; lastKnownFileType = sourcecode.swift; path = GuideViewModel.swift; sourceTree = "<group>"; };
		656E6DE11FBF0C620091A4F9 /* Bea CukaiUITests.xctest */ = {isa = PBXFileReference; explicitFileType = wrapper.cfbundle; includeInIndex = 0; path = "Bea CukaiUITests.xctest"; sourceTree = BUILT_PRODUCTS_DIR; };
		656E6DE31FBF0C620091A4F9 /* Bea_CukaiUITests.swift */ = {isa = PBXFileReference; lastKnownFileType = sourcecode.swift; path = Bea_CukaiUITests.swift; sourceTree = "<group>"; };
		656E6DE51FBF0C620091A4F9 /* Info.plist */ = {isa = PBXFileReference; lastKnownFileType = text.plist.xml; path = Info.plist; sourceTree = "<group>"; };
		657AA3941F7D65F8004F3CA6 /* Images.xcassets */ = {isa = PBXFileReference; lastKnownFileType = folder.assetcatalog; path = Images.xcassets; sourceTree = "<group>"; };
		658E96811F9C3140004EA531 /* UIView.swift */ = {isa = PBXFileReference; lastKnownFileType = sourcecode.swift; path = UIView.swift; sourceTree = "<group>"; };
		658E96831F9C8FF9004EA531 /* RumusBeaMasuk.xib */ = {isa = PBXFileReference; lastKnownFileType = file.xib; path = RumusBeaMasuk.xib; sourceTree = "<group>"; };
		658E96851F9C98E6004EA531 /* Developer.xib */ = {isa = PBXFileReference; lastKnownFileType = file.xib; path = Developer.xib; sourceTree = "<group>"; };
		6591ED6F1F66EE8000A46885 /* CalculatorViewController.swift */ = {isa = PBXFileReference; lastKnownFileType = sourcecode.swift; path = CalculatorViewController.swift; sourceTree = "<group>"; };
		6591ED711F66EF0500A46885 /* CalculatorCell.swift */ = {isa = PBXFileReference; lastKnownFileType = sourcecode.swift; path = CalculatorCell.swift; sourceTree = "<group>"; };
		6595DE9E1F9E25B2005938E0 /* Pengaduan.swift */ = {isa = PBXFileReference; lastKnownFileType = sourcecode.swift; path = Pengaduan.swift; sourceTree = "<group>"; };
		65B6A05D1FB36C09006BB8A7 /* FAQViewController.swift */ = {isa = PBXFileReference; lastKnownFileType = sourcecode.swift; path = FAQViewController.swift; sourceTree = "<group>"; };
		65B6A05F1FB36C72006BB8A7 /* FAQ.swift */ = {isa = PBXFileReference; lastKnownFileType = sourcecode.swift; path = FAQ.swift; sourceTree = "<group>"; };
		65B6A0611FB36DC5006BB8A7 /* FAQViewModel.swift */ = {isa = PBXFileReference; lastKnownFileType = sourcecode.swift; path = FAQViewModel.swift; sourceTree = "<group>"; };
		65B8D06E1F965697009AFD02 /* BiayaViewController.swift */ = {isa = PBXFileReference; lastKnownFileType = sourcecode.swift; path = BiayaViewController.swift; sourceTree = "<group>"; };
		65C0DBF71F84067900729C1C /* btki.json */ = {isa = PBXFileReference; lastKnownFileType = text.json; path = btki.json; sourceTree = "<group>"; };
		65C0DBFA1F84B0E100729C1C /* FooterSearch.swift */ = {isa = PBXFileReference; lastKnownFileType = sourcecode.swift; path = FooterSearch.swift; sourceTree = "<group>"; };
		65C8BCA41F765FF900E95E71 /* ButtonCalculate.swift */ = {isa = PBXFileReference; lastKnownFileType = sourcecode.swift; path = ButtonCalculate.swift; sourceTree = "<group>"; };
		65CC81F41F8FC71E002E156A /* BottomImage.swift */ = {isa = PBXFileReference; lastKnownFileType = sourcecode.swift; path = BottomImage.swift; sourceTree = "<group>"; };
		65CC81F61F91A17B002E156A /* SearchViewController.swift */ = {isa = PBXFileReference; lastKnownFileType = sourcecode.swift; path = SearchViewController.swift; sourceTree = "<group>"; };
		65CC81F81F91A66D002E156A /* CalculatorCell.xib */ = {isa = PBXFileReference; lastKnownFileType = file.xib; path = CalculatorCell.xib; sourceTree = "<group>"; };
		65CC81FA1F922552002E156A /* SearchViewModel.swift */ = {isa = PBXFileReference; lastKnownFileType = sourcecode.swift; path = SearchViewModel.swift; sourceTree = "<group>"; };
		65DAAE4B1F9F7433005ABB1D /* CaraHitungCell.swift */ = {isa = PBXFileReference; lastKnownFileType = sourcecode.swift; path = CaraHitungCell.swift; sourceTree = "<group>"; };
		65DAAE4C1F9F7433005ABB1D /* CaraHitungCell.xib */ = {isa = PBXFileReference; lastKnownFileType = file.xib; path = CaraHitungCell.xib; sourceTree = "<group>"; };
		65DAAE4F1F9F7863005ABB1D /* CaraHitungController.swift */ = {isa = PBXFileReference; lastKnownFileType = sourcecode.swift; path = CaraHitungController.swift; sourceTree = "<group>"; };
		65DAAE511F9F7F62005ABB1D /* CaraHitungViewModel.swift */ = {isa = PBXFileReference; lastKnownFileType = sourcecode.swift; path = CaraHitungViewModel.swift; sourceTree = "<group>"; };
		65DBFAA71FAEC8A300BB6330 /* UIImage.swift */ = {isa = PBXFileReference; lastKnownFileType = sourcecode.swift; path = UIImage.swift; sourceTree = "<group>"; };
		65ED8AC71F9A590F0082C46D /* KursInStack.xib */ = {isa = PBXFileReference; lastKnownFileType = file.xib; path = KursInStack.xib; sourceTree = "<group>"; };
		65F1F4F51F7AB76D0062F63F /* UILabel.swift */ = {isa = PBXFileReference; lastKnownFileType = sourcecode.swift; path = UILabel.swift; sourceTree = "<group>"; };
		65F5CB651F751A46005432D8 /* Launch.storyboard */ = {isa = PBXFileReference; lastKnownFileType = file.storyboard; path = Launch.storyboard; sourceTree = "<group>"; };
		66FEB98BAA00F6C7FB43A4EE /* Pods-Bea Cukai.release.xcconfig */ = {isa = PBXFileReference; includeInIndex = 1; lastKnownFileType = text.xcconfig; name = "Pods-Bea Cukai.release.xcconfig"; path = "Pods/Target Support Files/Pods-Bea Cukai/Pods-Bea Cukai.release.xcconfig"; sourceTree = "<group>"; };
/* End PBXFileReference section */

/* Begin PBXFrameworksBuildPhase section */
		654222A31F63E66A00CE3A84 /* Frameworks */ = {
			isa = PBXFrameworksBuildPhase;
			buildActionMask = 2147483647;
			files = (
				0F1CB3FAEDE436DCAE87750C /* Pods_Bea_Cukai.framework in Frameworks */,
			);
			runOnlyForDeploymentPostprocessing = 0;
		};
		656E6DDE1FBF0C620091A4F9 /* Frameworks */ = {
			isa = PBXFrameworksBuildPhase;
			buildActionMask = 2147483647;
			files = (
			);
			runOnlyForDeploymentPostprocessing = 0;
		};
/* End PBXFrameworksBuildPhase section */

/* Begin PBXGroup section */
		275A3E1D27318BB6571E8DAD /* Frameworks */ = {
			isa = PBXGroup;
			children = (
				6513EAAD1F85EA2200C0DCDC /* SwiftyJSON.framework */,
				2ACCA9B754270FA390B12757 /* Pods_Bea_Cukai.framework */,
			);
			name = Frameworks;
			sourceTree = "<group>";
		};
		6513EAB21F8635E900C0DCDC /* API */ = {
			isa = PBXGroup;
			children = (
				6513EAB51F86381400C0DCDC /* APIManager.swift */,
			);
			path = API;
			sourceTree = "<group>";
		};
		6525CE7D1F67176C00D4BFE2 /* Assets */ = {
			isa = PBXGroup;
			children = (
				65DAAE481F9F7309005ABB1D /* XIB */,
				65C0DBF81F84068000729C1C /* Json */,
				6558B93D1F7D7A26004FFBB6 /* Font */,
				657AA3941F7D65F8004F3CA6 /* Images.xcassets */,
				6525CE7E1F67189400D4BFE2 /* Main.storyboard */,
				65F5CB651F751A46005432D8 /* Launch.storyboard */,
			);
			path = Assets;
			sourceTree = "<group>";
		};
		652940D91F75FEB100B2B660 /* Protocol */ = {
			isa = PBXGroup;
			children = (
				652940DA1F75FF8800B2B660 /* ViewShadow.swift */,
				6518CBDD1F7F6AD800A2EBB2 /* BottomBackgrund.swift */,
				6536A3601F8852EE00A06D59 /* Reloadable.swift */,
			);
			path = Protocol;
			sourceTree = "<group>";
		};
		6542229D1F63E66A00CE3A84 = {
			isa = PBXGroup;
			children = (
				654222A81F63E66A00CE3A84 /* Bea Cukai */,
				654222A71F63E66A00CE3A84 /* Products */,
				C62126F3666F440AFA70473D /* Pods */,
				275A3E1D27318BB6571E8DAD /* Frameworks */,
				656E6DE21FBF0C620091A4F9 /* Bea CukaiUITests */,
			);
			sourceTree = "<group>";
		};
		654222A71F63E66A00CE3A84 /* Products */ = {
			isa = PBXGroup;
			children = (
				654222A61F63E66A00CE3A84 /* Bea Cukai.app */,
				656E6DE11FBF0C620091A4F9 /* Bea CukaiUITests.xctest */,
			);
			name = Products;
			sourceTree = "<group>";
		};
		654222A81F63E66A00CE3A84 /* Bea Cukai */ = {
			isa = PBXGroup;
			children = (
				654222BB1F646D6600CE3A84 /* Controller */,
				654222A91F63E66A00CE3A84 /* AppDelegate.swift */,
				654222BC1F646D7800CE3A84 /* Model */,
				654222BF1F646FC700CE3A84 /* ViewModel */,
				6591ED6C1F66EDD500A46885 /* View */,
				652940D91F75FEB100B2B660 /* Protocol */,
				65F1F4F41F7AB3660062F63F /* Extension */,
				6513EAB21F8635E900C0DCDC /* API */,
				6525CE7D1F67176C00D4BFE2 /* Assets */,
				654222B51F63E66A00CE3A84 /* Info.plist */,
				6513EAAF1F85EE1900C0DCDC /* Bea Cukai-Bridging-Header.h */,
			);
			path = "Bea Cukai";
			sourceTree = "<group>";
		};
		654222BB1F646D6600CE3A84 /* Controller */ = {
			isa = PBXGroup;
			children = (
				6591ED6F1F66EE8000A46885 /* CalculatorViewController.swift */,
				6515C32D1F7402400069EBA9 /* HomeViewController.swift */,
				6536A35E1F87DD6200A06D59 /* KursViewController.swift */,
				65CC81F61F91A17B002E156A /* SearchViewController.swift */,
				653AD0131F93A68C00733876 /* ResultViewController.swift */,
				65B8D06E1F965697009AFD02 /* BiayaViewController.swift */,
				6560156A1F9CA0E3001A00C4 /* GuideViewController.swift */,
				65DAAE4F1F9F7863005ABB1D /* CaraHitungController.swift */,
				65B6A05D1FB36C09006BB8A7 /* FAQViewController.swift */,
			);
			path = Controller;
			sourceTree = "<group>";
		};
		654222BC1F646D7800CE3A84 /* Model */ = {
			isa = PBXGroup;
			children = (
				654222BD1F646DA400CE3A84 /* Biaya.swift */,
				6532FCFC1F77FFFC00459DA4 /* Kurs.swift */,
				6518CBE51F7FBF4700A2EBB2 /* Tarif.swift */,
				6536A3661F88602A00A06D59 /* Symbol.swift */,
				65B6A05F1FB36C72006BB8A7 /* FAQ.swift */,
			);
			path = Model;
			sourceTree = "<group>";
		};
		654222BF1F646FC700CE3A84 /* ViewModel */ = {
			isa = PBXGroup;
			children = (
				654222C01F646FE100CE3A84 /* BiayaViewModel.swift */,
				65550A5E1F6AB6BA00F036E9 /* CalculatorViewModel.swift */,
				6532FCFE1F78030100459DA4 /* HomeViewModel.swift */,
				6536A3641F885BA400A06D59 /* KursViewModel.swift */,
				65CC81FA1F922552002E156A /* SearchViewModel.swift */,
				653AD00D1F93837200733876 /* BeaPickerViewModel.swift */,
				6555BEFA1F962A3400C63F14 /* ResultViewModel.swift */,
				656015701F9D0727001A00C4 /* GuideViewModel.swift */,
				65DAAE511F9F7F62005ABB1D /* CaraHitungViewModel.swift */,
				65B6A0611FB36DC5006BB8A7 /* FAQViewModel.swift */,
			);
			path = ViewModel;
			sourceTree = "<group>";
		};
		6558B93D1F7D7A26004FFBB6 /* Font */ = {
			isa = PBXGroup;
			children = (
				6558B9361F7D79F3004FFBB6 /* SIL Open Font License.txt */,
				6558B9381F7D79F5004FFBB6 /* SourceSansPro-Bold.otf */,
				6558B9351F7D79F1004FFBB6 /* SourceSansPro-Regular.otf */,
				6558B9371F7D79F3004FFBB6 /* SourceSansPro-Semibold.otf */,
			);
			path = Font;
			sourceTree = "<group>";
		};
		656E6DE21FBF0C620091A4F9 /* Bea CukaiUITests */ = {
			isa = PBXGroup;
			children = (
				656E6DE31FBF0C620091A4F9 /* Bea_CukaiUITests.swift */,
				656E6DE51FBF0C620091A4F9 /* Info.plist */,
			);
			path = "Bea CukaiUITests";
			sourceTree = "<group>";
		};
		6591ED6C1F66EDD500A46885 /* View */ = {
			isa = PBXGroup;
			children = (
				653AD00F1F93A31C00733876 /* ResultCell.swift */,
				6591ED711F66EF0500A46885 /* CalculatorCell.swift */,
				65DAAE4B1F9F7433005ABB1D /* CaraHitungCell.swift */,
				6549E2F81F82AA39009B46E1 /* ReloadView.swift */,
				65C0DBFA1F84B0E100729C1C /* FooterSearch.swift */,
				655A3C031F76092A0015000B /* ViewInStack.swift */,
				65C8BCA41F765FF900E95E71 /* ButtonCalculate.swift */,
				6536A3621F88596E00A06D59 /* KursInStack.swift */,
				65CC81F41F8FC71E002E156A /* BottomImage.swift */,
				653AD0091F9304B600733876 /* BeaPickerView.swift */,
				6595DE9E1F9E25B2005938E0 /* Pengaduan.swift */,
			);
			path = View;
			sourceTree = "<group>";
		};
		65C0DBF81F84068000729C1C /* Json */ = {
			isa = PBXGroup;
			children = (
				65C0DBF71F84067900729C1C /* btki.json */,
			);
			path = Json;
			sourceTree = "<group>";
		};
		65DAAE481F9F7309005ABB1D /* XIB */ = {
			isa = PBXGroup;
			children = (
				651816791F853312002799D8 /* ReloadView.xib */,
				65CC81F81F91A66D002E156A /* CalculatorCell.xib */,
				653AD00B1F9361FE00733876 /* BeaPickerView.xib */,
				653AD0101F93A31C00733876 /* ResultCell.xib */,
				65ED8AC71F9A590F0082C46D /* KursInStack.xib */,
				651816771F85323D002799D8 /* FooterSearch.xib */,
				658E96831F9C8FF9004EA531 /* RumusBeaMasuk.xib */,
				658E96851F9C98E6004EA531 /* Developer.xib */,
				6560156E1F9CFBCB001A00C4 /* Pengaduan.xib */,
				65DAAE4C1F9F7433005ABB1D /* CaraHitungCell.xib */,
			);
			path = XIB;
			sourceTree = "<group>";
		};
		65F1F4F41F7AB3660062F63F /* Extension */ = {
			isa = PBXGroup;
			children = (
				65F1F4F51F7AB76D0062F63F /* UILabel.swift */,
				6518CBE31F7FA0DD00A2EBB2 /* UIViewController.swift */,
				658E96811F9C3140004EA531 /* UIView.swift */,
				65DBFAA71FAEC8A300BB6330 /* UIImage.swift */,
			);
			path = Extension;
			sourceTree = "<group>";
		};
		C62126F3666F440AFA70473D /* Pods */ = {
			isa = PBXGroup;
			children = (
				021D36A339B1D5BB5473F645 /* Pods-Bea Cukai.debug.xcconfig */,
				66FEB98BAA00F6C7FB43A4EE /* Pods-Bea Cukai.release.xcconfig */,
			);
			name = Pods;
			sourceTree = "<group>";
		};
/* End PBXGroup section */

/* Begin PBXNativeTarget section */
		654222A51F63E66A00CE3A84 /* Bea Cukai */ = {
			isa = PBXNativeTarget;
			buildConfigurationList = 654222B81F63E66A00CE3A84 /* Build configuration list for PBXNativeTarget "Bea Cukai" */;
			buildPhases = (
				8AA67B05E2D6EE6472B87F94 /* [CP] Check Pods Manifest.lock */,
				654222A21F63E66A00CE3A84 /* Sources */,
				654222A31F63E66A00CE3A84 /* Frameworks */,
				654222A41F63E66A00CE3A84 /* Resources */,
				0A51615A5BFC44A4DFC28ECC /* [CP] Embed Pods Frameworks */,
				3299664770C6F179585CA762 /* [CP] Copy Pods Resources */,
			);
			buildRules = (
			);
			dependencies = (
			);
			name = "Bea Cukai";
			productName = "Bea Cukai";
			productReference = 654222A61F63E66A00CE3A84 /* Bea Cukai.app */;
			productType = "com.apple.product-type.application";
		};
		656E6DE01FBF0C620091A4F9 /* Bea CukaiUITests */ = {
			isa = PBXNativeTarget;
			buildConfigurationList = 656E6DEA1FBF0C620091A4F9 /* Build configuration list for PBXNativeTarget "Bea CukaiUITests" */;
			buildPhases = (
				656E6DDD1FBF0C620091A4F9 /* Sources */,
				656E6DDE1FBF0C620091A4F9 /* Frameworks */,
				656E6DDF1FBF0C620091A4F9 /* Resources */,
			);
			buildRules = (
			);
			dependencies = (
				656E6DE71FBF0C620091A4F9 /* PBXTargetDependency */,
			);
			name = "Bea CukaiUITests";
			productName = "Bea CukaiUITests";
			productReference = 656E6DE11FBF0C620091A4F9 /* Bea CukaiUITests.xctest */;
			productType = "com.apple.product-type.bundle.ui-testing";
		};
/* End PBXNativeTarget section */

/* Begin PBXProject section */
		6542229E1F63E66A00CE3A84 /* Project object */ = {
			isa = PBXProject;
			attributes = {
				LastSwiftUpdateCheck = 0910;
				LastUpgradeCheck = 0940;
				ORGANIZATIONNAME = "Sanjaya Wisnu";
				TargetAttributes = {
					654222A51F63E66A00CE3A84 = {
						CreatedOnToolsVersion = 9.0;
						LastSwiftMigration = 0940;
						ProvisioningStyle = Manual;
					};
					656E6DE01FBF0C620091A4F9 = {
						CreatedOnToolsVersion = 9.1;
						ProvisioningStyle = Automatic;
						TestTargetID = 654222A51F63E66A00CE3A84;
					};
				};
			};
			buildConfigurationList = 654222A11F63E66A00CE3A84 /* Build configuration list for PBXProject "Bea Cukai" */;
			compatibilityVersion = "Xcode 8.0";
			developmentRegion = en;
			hasScannedForEncodings = 0;
			knownRegions = (
				en,
				Base,
			);
			mainGroup = 6542229D1F63E66A00CE3A84;
			productRefGroup = 654222A71F63E66A00CE3A84 /* Products */;
			projectDirPath = "";
			projectRoot = "";
			targets = (
				654222A51F63E66A00CE3A84 /* Bea Cukai */,
				656E6DE01FBF0C620091A4F9 /* Bea CukaiUITests */,
			);
		};
/* End PBXProject section */

/* Begin PBXResourcesBuildPhase section */
		654222A41F63E66A00CE3A84 /* Resources */ = {
			isa = PBXResourcesBuildPhase;
			buildActionMask = 2147483647;
			files = (
				65D4198B1FCD0F4E002B2811 /* Images.xcassets in Resources */,
				6558B9391F7D79F7004FFBB6 /* SourceSansPro-Regular.otf in Resources */,
				65CC81F91F91A66D002E156A /* CalculatorCell.xib in Resources */,
				6560156F1F9CFBCB001A00C4 /* Pengaduan.xib in Resources */,
				65DAAE4E1F9F7433005ABB1D /* CaraHitungCell.xib in Resources */,
				653AD0121F93A31C00733876 /* ResultCell.xib in Resources */,
				651816781F8532D8002799D8 /* FooterSearch.xib in Resources */,
				658E96861F9C98E6004EA531 /* Developer.xib in Resources */,
				6558B93A1F7D79F7004FFBB6 /* SIL Open Font License.txt in Resources */,
				6518167A1F853312002799D8 /* ReloadView.xib in Resources */,
				6558B93B1F7D79F7004FFBB6 /* SourceSansPro-Semibold.otf in Resources */,
				65C0DBF91F849D9000729C1C /* btki.json in Resources */,
				6558B93C1F7D79F7004FFBB6 /* SourceSansPro-Bold.otf in Resources */,
				65ED8AC81F9A590F0082C46D /* KursInStack.xib in Resources */,
				6525CE7F1F67189400D4BFE2 /* Main.storyboard in Resources */,
				658E96841F9C8FF9004EA531 /* RumusBeaMasuk.xib in Resources */,
				653AD00C1F9361FE00733876 /* BeaPickerView.xib in Resources */,
				65F5CB661F751A46005432D8 /* Launch.storyboard in Resources */,
			);
			runOnlyForDeploymentPostprocessing = 0;
		};
		656E6DDF1FBF0C620091A4F9 /* Resources */ = {
			isa = PBXResourcesBuildPhase;
			buildActionMask = 2147483647;
			files = (
			);
			runOnlyForDeploymentPostprocessing = 0;
		};
/* End PBXResourcesBuildPhase section */

/* Begin PBXShellScriptBuildPhase section */
		0A51615A5BFC44A4DFC28ECC /* [CP] Embed Pods Frameworks */ = {
			isa = PBXShellScriptBuildPhase;
			buildActionMask = 2147483647;
			files = (
			);
			inputPaths = (
			);
			name = "[CP] Embed Pods Frameworks";
			outputPaths = (
			);
			runOnlyForDeploymentPostprocessing = 0;
			shellPath = /bin/sh;
			shellScript = "\"${SRCROOT}/Pods/Target Support Files/Pods-Bea Cukai/Pods-Bea Cukai-frameworks.sh\"\n";
			showEnvVarsInLog = 0;
		};
		3299664770C6F179585CA762 /* [CP] Copy Pods Resources */ = {
			isa = PBXShellScriptBuildPhase;
			buildActionMask = 2147483647;
			files = (
			);
			inputPaths = (
			);
			name = "[CP] Copy Pods Resources";
			outputPaths = (
			);
			runOnlyForDeploymentPostprocessing = 0;
			shellPath = /bin/sh;
			shellScript = "\"${SRCROOT}/Pods/Target Support Files/Pods-Bea Cukai/Pods-Bea Cukai-resources.sh\"\n";
			showEnvVarsInLog = 0;
		};
		8AA67B05E2D6EE6472B87F94 /* [CP] Check Pods Manifest.lock */ = {
			isa = PBXShellScriptBuildPhase;
			buildActionMask = 2147483647;
			files = (
			);
			inputPaths = (
			);
			name = "[CP] Check Pods Manifest.lock";
			outputPaths = (
			);
			runOnlyForDeploymentPostprocessing = 0;
			shellPath = /bin/sh;
			shellScript = "diff \"${PODS_ROOT}/../Podfile.lock\" \"${PODS_ROOT}/Manifest.lock\" > /dev/null\nif [ $? != 0 ] ; then\n    # print error to STDERR\n    echo \"error: The sandbox is not in sync with the Podfile.lock. Run 'pod install' or update your CocoaPods installation.\" >&2\n    exit 1\nfi\n";
			showEnvVarsInLog = 0;
		};
/* End PBXShellScriptBuildPhase section */

/* Begin PBXSourcesBuildPhase section */
		654222A21F63E66A00CE3A84 /* Sources */ = {
			isa = PBXSourcesBuildPhase;
			buildActionMask = 2147483647;
			files = (
				6536A3611F8852EF00A06D59 /* Reloadable.swift in Sources */,
				6532FCFD1F77FFFC00459DA4 /* Kurs.swift in Sources */,
				6513EAB61F86381400C0DCDC /* APIManager.swift in Sources */,
				6560156B1F9CA0E3001A00C4 /* GuideViewController.swift in Sources */,
				6591ED701F66EE8000A46885 /* CalculatorViewController.swift in Sources */,
				65DBFAA81FAEC8A300BB6330 /* UIImage.swift in Sources */,
				6536A3631F88596E00A06D59 /* KursInStack.swift in Sources */,
				6536A3671F88602A00A06D59 /* Symbol.swift in Sources */,
				65550A5F1F6AB6BA00F036E9 /* CalculatorViewModel.swift in Sources */,
				653AD00E1F93837200733876 /* BeaPickerViewModel.swift in Sources */,
				653AD0111F93A31C00733876 /* ResultCell.swift in Sources */,
				65CC81F51F8FC71E002E156A /* BottomImage.swift in Sources */,
				65CC81F71F91A17B002E156A /* SearchViewController.swift in Sources */,
				65B8D06F1F965697009AFD02 /* BiayaViewController.swift in Sources */,
				653AD00A1F9304B700733876 /* BeaPickerView.swift in Sources */,
				6595DE9F1F9E25B2005938E0 /* Pengaduan.swift in Sources */,
				654222C11F646FE100CE3A84 /* BiayaViewModel.swift in Sources */,
				6518CBE41F7FA0DD00A2EBB2 /* UIViewController.swift in Sources */,
				654222BE1F646DA400CE3A84 /* Biaya.swift in Sources */,
				6536A3651F885BA400A06D59 /* KursViewModel.swift in Sources */,
				655A3C041F76092A0015000B /* ViewInStack.swift in Sources */,
				65B6A0601FB36C72006BB8A7 /* FAQ.swift in Sources */,
				652940DB1F75FF8800B2B660 /* ViewShadow.swift in Sources */,
				65F1F4F61F7AB76D0062F63F /* UILabel.swift in Sources */,
				65DAAE521F9F7F63005ABB1D /* CaraHitungViewModel.swift in Sources */,
				6532FCFF1F78030100459DA4 /* HomeViewModel.swift in Sources */,
				65DAAE4D1F9F7433005ABB1D /* CaraHitungCell.swift in Sources */,
				6536A35F1F87DD6200A06D59 /* KursViewController.swift in Sources */,
				65C8BCA51F765FF900E95E71 /* ButtonCalculate.swift in Sources */,
				654222AA1F63E66A00CE3A84 /* AppDelegate.swift in Sources */,
				658E96821F9C3140004EA531 /* UIView.swift in Sources */,
				65C0DBFB1F84B0E100729C1C /* FooterSearch.swift in Sources */,
				6518CBE61F7FBF4700A2EBB2 /* Tarif.swift in Sources */,
				6518CBDE1F7F6AD800A2EBB2 /* BottomBackgrund.swift in Sources */,
				656015711F9D0727001A00C4 /* GuideViewModel.swift in Sources */,
				6515C32E1F7402400069EBA9 /* HomeViewController.swift in Sources */,
				6555BEFB1F962A3400C63F14 /* ResultViewModel.swift in Sources */,
				65B6A0621FB36DC5006BB8A7 /* FAQViewModel.swift in Sources */,
				65CC81FB1F922552002E156A /* SearchViewModel.swift in Sources */,
				653AD0141F93A68C00733876 /* ResultViewController.swift in Sources */,
				65DAAE501F9F7863005ABB1D /* CaraHitungController.swift in Sources */,
				65B6A05E1FB36C09006BB8A7 /* FAQViewController.swift in Sources */,
				6549E2F91F82AA39009B46E1 /* ReloadView.swift in Sources */,
				6591ED721F66EF0500A46885 /* CalculatorCell.swift in Sources */,
			);
			runOnlyForDeploymentPostprocessing = 0;
		};
		656E6DDD1FBF0C620091A4F9 /* Sources */ = {
			isa = PBXSourcesBuildPhase;
			buildActionMask = 2147483647;
			files = (
				656E6DE41FBF0C620091A4F9 /* Bea_CukaiUITests.swift in Sources */,
			);
			runOnlyForDeploymentPostprocessing = 0;
		};
/* End PBXSourcesBuildPhase section */

/* Begin PBXTargetDependency section */
		656E6DE71FBF0C620091A4F9 /* PBXTargetDependency */ = {
			isa = PBXTargetDependency;
			target = 654222A51F63E66A00CE3A84 /* Bea Cukai */;
			targetProxy = 656E6DE61FBF0C620091A4F9 /* PBXContainerItemProxy */;
		};
/* End PBXTargetDependency section */

/* Begin XCBuildConfiguration section */
		654222B61F63E66A00CE3A84 /* Debug */ = {
			isa = XCBuildConfiguration;
			buildSettings = {
				ALWAYS_SEARCH_USER_PATHS = NO;
				CLANG_ANALYZER_NONNULL = YES;
				CLANG_ANALYZER_NUMBER_OBJECT_CONVERSION = YES_AGGRESSIVE;
				CLANG_CXX_LANGUAGE_STANDARD = "gnu++14";
				CLANG_CXX_LIBRARY = "libc++";
				CLANG_ENABLE_MODULES = YES;
				CLANG_ENABLE_OBJC_ARC = YES;
				CLANG_WARN_BLOCK_CAPTURE_AUTORELEASING = YES;
				CLANG_WARN_BOOL_CONVERSION = YES;
				CLANG_WARN_COMMA = YES;
				CLANG_WARN_CONSTANT_CONVERSION = YES;
				CLANG_WARN_DEPRECATED_OBJC_IMPLEMENTATIONS = YES;
				CLANG_WARN_DIRECT_OBJC_ISA_USAGE = YES_ERROR;
				CLANG_WARN_DOCUMENTATION_COMMENTS = YES;
				CLANG_WARN_EMPTY_BODY = YES;
				CLANG_WARN_ENUM_CONVERSION = YES;
				CLANG_WARN_INFINITE_RECURSION = YES;
				CLANG_WARN_INT_CONVERSION = YES;
				CLANG_WARN_NON_LITERAL_NULL_CONVERSION = YES;
				CLANG_WARN_OBJC_IMPLICIT_RETAIN_SELF = YES;
				CLANG_WARN_OBJC_LITERAL_CONVERSION = YES;
				CLANG_WARN_OBJC_ROOT_CLASS = YES_ERROR;
				CLANG_WARN_RANGE_LOOP_ANALYSIS = YES;
				CLANG_WARN_STRICT_PROTOTYPES = YES;
				CLANG_WARN_SUSPICIOUS_MOVE = YES;
				CLANG_WARN_UNGUARDED_AVAILABILITY = YES_AGGRESSIVE;
				CLANG_WARN_UNREACHABLE_CODE = YES;
				CLANG_WARN__DUPLICATE_METHOD_MATCH = YES;
				CODE_SIGN_IDENTITY = "iPhone Developer";
				CODE_SIGN_STYLE = Manual;
				COPY_PHASE_STRIP = NO;
				DEBUG_INFORMATION_FORMAT = dwarf;
				ENABLE_STRICT_OBJC_MSGSEND = YES;
				ENABLE_TESTABILITY = YES;
				GCC_C_LANGUAGE_STANDARD = gnu11;
				GCC_DYNAMIC_NO_PIC = NO;
				GCC_NO_COMMON_BLOCKS = YES;
				GCC_OPTIMIZATION_LEVEL = 0;
				GCC_PREPROCESSOR_DEFINITIONS = (
					"DEBUG=1",
					"$(inherited)",
				);
				GCC_WARN_64_TO_32_BIT_CONVERSION = YES;
				GCC_WARN_ABOUT_RETURN_TYPE = YES_ERROR;
				GCC_WARN_UNDECLARED_SELECTOR = YES;
				GCC_WARN_UNINITIALIZED_AUTOS = YES_AGGRESSIVE;
				GCC_WARN_UNUSED_FUNCTION = YES;
				GCC_WARN_UNUSED_VARIABLE = YES;
				GENERATE_PROFILING_CODE = YES;
				IPHONEOS_DEPLOYMENT_TARGET = 10.0;
				MTL_ENABLE_DEBUG_INFO = YES;
				ONLY_ACTIVE_ARCH = YES;
				PRODUCT_NAME = "Bea Masuk";
				SDKROOT = iphoneos;
				SWIFT_ACTIVE_COMPILATION_CONDITIONS = DEBUG;
				SWIFT_OPTIMIZATION_LEVEL = "-Onone";
			};
			name = Debug;
		};
		654222B71F63E66A00CE3A84 /* Release */ = {
			isa = XCBuildConfiguration;
			buildSettings = {
				ALWAYS_SEARCH_USER_PATHS = NO;
				CLANG_ANALYZER_NONNULL = YES;
				CLANG_ANALYZER_NUMBER_OBJECT_CONVERSION = YES_AGGRESSIVE;
				CLANG_CXX_LANGUAGE_STANDARD = "gnu++14";
				CLANG_CXX_LIBRARY = "libc++";
				CLANG_ENABLE_MODULES = YES;
				CLANG_ENABLE_OBJC_ARC = YES;
				CLANG_WARN_BLOCK_CAPTURE_AUTORELEASING = YES;
				CLANG_WARN_BOOL_CONVERSION = YES;
				CLANG_WARN_COMMA = YES;
				CLANG_WARN_CONSTANT_CONVERSION = YES;
				CLANG_WARN_DEPRECATED_OBJC_IMPLEMENTATIONS = YES;
				CLANG_WARN_DIRECT_OBJC_ISA_USAGE = YES_ERROR;
				CLANG_WARN_DOCUMENTATION_COMMENTS = YES;
				CLANG_WARN_EMPTY_BODY = YES;
				CLANG_WARN_ENUM_CONVERSION = YES;
				CLANG_WARN_INFINITE_RECURSION = YES;
				CLANG_WARN_INT_CONVERSION = YES;
				CLANG_WARN_NON_LITERAL_NULL_CONVERSION = YES;
				CLANG_WARN_OBJC_IMPLICIT_RETAIN_SELF = YES;
				CLANG_WARN_OBJC_LITERAL_CONVERSION = YES;
				CLANG_WARN_OBJC_ROOT_CLASS = YES_ERROR;
				CLANG_WARN_RANGE_LOOP_ANALYSIS = YES;
				CLANG_WARN_STRICT_PROTOTYPES = YES;
				CLANG_WARN_SUSPICIOUS_MOVE = YES;
				CLANG_WARN_UNGUARDED_AVAILABILITY = YES_AGGRESSIVE;
				CLANG_WARN_UNREACHABLE_CODE = YES;
				CLANG_WARN__DUPLICATE_METHOD_MATCH = YES;
				CODE_SIGN_IDENTITY = "iPhone Developer";
				CODE_SIGN_STYLE = Manual;
				COPY_PHASE_STRIP = NO;
				DEBUG_INFORMATION_FORMAT = "dwarf-with-dsym";
				ENABLE_NS_ASSERTIONS = NO;
				ENABLE_STRICT_OBJC_MSGSEND = YES;
				ENABLE_TESTABILITY = YES;
				GCC_C_LANGUAGE_STANDARD = gnu11;
				GCC_NO_COMMON_BLOCKS = YES;
				GCC_WARN_64_TO_32_BIT_CONVERSION = YES;
				GCC_WARN_ABOUT_RETURN_TYPE = YES_ERROR;
				GCC_WARN_UNDECLARED_SELECTOR = YES;
				GCC_WARN_UNINITIALIZED_AUTOS = YES_AGGRESSIVE;
				GCC_WARN_UNUSED_FUNCTION = YES;
				GCC_WARN_UNUSED_VARIABLE = YES;
				GENERATE_PROFILING_CODE = YES;
				IPHONEOS_DEPLOYMENT_TARGET = 10.0;
				MTL_ENABLE_DEBUG_INFO = NO;
				ONLY_ACTIVE_ARCH = YES;
				PRODUCT_NAME = "Bea Masuk";
				SDKROOT = iphoneos;
				SWIFT_OPTIMIZATION_LEVEL = "-Owholemodule";
				VALIDATE_PRODUCT = YES;
			};
			name = Release;
		};
		654222B91F63E66A00CE3A84 /* Debug */ = {
			isa = XCBuildConfiguration;
			baseConfigurationReference = 021D36A339B1D5BB5473F645 /* Pods-Bea Cukai.debug.xcconfig */;
			buildSettings = {
				ASSETCATALOG_COMPILER_APPICON_NAME = AppIcon;
				CLANG_ENABLE_MODULES = YES;
				CODE_SIGN_IDENTITY = "iPhone Developer: Wisnu Sanjaya (Q6UE79SZ8F)";
				"CODE_SIGN_IDENTITY[sdk=iphoneos*]" = "iPhone Distribution: Wisnu Sanjaya (ZLGTH5V8T3)";
				CODE_SIGN_STYLE = Manual;
				DEVELOPMENT_TEAM = ZLGTH5V8T3;
				INFOPLIST_FILE = "Bea Cukai/Info.plist";
				IPHONEOS_DEPLOYMENT_TARGET = 9.1;
				LD_RUNPATH_SEARCH_PATHS = "$(inherited) @executable_path/Frameworks";
				PRODUCT_BUNDLE_IDENTIFIER = com.wsnjy.BeaMasuk;
				PRODUCT_NAME = "$(TARGET_NAME)";
				PROVISIONING_PROFILE = "817a61c9-8d0e-4c57-8ba0-fdf1814a929a";
				PROVISIONING_PROFILE_SPECIFIER = "com.wsnjy.BeaMasuk AppStore";
				SWIFT_OBJC_BRIDGING_HEADER = "Bea Cukai/Bea Cukai-Bridging-Header.h";
				SWIFT_OPTIMIZATION_LEVEL = "-Onone";
				SWIFT_SWIFT3_OBJC_INFERENCE = On;
				SWIFT_VERSION = 4.0;
				TARGETED_DEVICE_FAMILY = 1;
			};
			name = Debug;
		};
		654222BA1F63E66A00CE3A84 /* Release */ = {
			isa = XCBuildConfiguration;
			baseConfigurationReference = 66FEB98BAA00F6C7FB43A4EE /* Pods-Bea Cukai.release.xcconfig */;
			buildSettings = {
				ASSETCATALOG_COMPILER_APPICON_NAME = AppIcon;
				CLANG_ENABLE_MODULES = YES;
				CODE_SIGN_IDENTITY = "iPhone Developer: Wisnu Sanjaya (4PN68WNB9L)";
				"CODE_SIGN_IDENTITY[sdk=iphoneos*]" = "iPhone Distribution: Wisnu Sanjaya (ZLGTH5V8T3)";
				CODE_SIGN_STYLE = Manual;
				DEVELOPMENT_TEAM = ZLGTH5V8T3;
				INFOPLIST_FILE = "Bea Cukai/Info.plist";
				IPHONEOS_DEPLOYMENT_TARGET = 9.1;
				LD_RUNPATH_SEARCH_PATHS = "$(inherited) @executable_path/Frameworks";
				PRODUCT_BUNDLE_IDENTIFIER = com.wsnjy.BeaMasuk;
				PRODUCT_NAME = "$(TARGET_NAME)";
				PROVISIONING_PROFILE = "817a61c9-8d0e-4c57-8ba0-fdf1814a929a";
				PROVISIONING_PROFILE_SPECIFIER = "com.wsnjy.BeaMasuk AppStore";
				SWIFT_OBJC_BRIDGING_HEADER = "Bea Cukai/Bea Cukai-Bridging-Header.h";
				SWIFT_SWIFT3_OBJC_INFERENCE = On;
				SWIFT_VERSION = 4.0;
				TARGETED_DEVICE_FAMILY = 1;
			};
			name = Release;
		};
		656E6DE81FBF0C620091A4F9 /* Debug */ = {
			isa = XCBuildConfiguration;
			buildSettings = {
				CODE_SIGN_STYLE = Automatic;
				DEVELOPMENT_TEAM = 8XSTQ5G33P;
				INFOPLIST_FILE = "Bea CukaiUITests/Info.plist";
				IPHONEOS_DEPLOYMENT_TARGET = 11.1;
				LD_RUNPATH_SEARCH_PATHS = "$(inherited) @executable_path/Frameworks @loader_path/Frameworks";
				PRODUCT_BUNDLE_IDENTIFIER = "com.wsnjy.Bea-CukaiUITests";
				PRODUCT_NAME = "$(TARGET_NAME)";
				SWIFT_VERSION = 4.0;
				TARGETED_DEVICE_FAMILY = "1,2";
				TEST_TARGET_NAME = "Bea Cukai";
			};
			name = Debug;
		};
		656E6DE91FBF0C620091A4F9 /* Release */ = {
			isa = XCBuildConfiguration;
			buildSettings = {
				CODE_SIGN_STYLE = Automatic;
				DEVELOPMENT_TEAM = 8XSTQ5G33P;
				INFOPLIST_FILE = "Bea CukaiUITests/Info.plist";
				IPHONEOS_DEPLOYMENT_TARGET = 11.1;
				LD_RUNPATH_SEARCH_PATHS = "$(inherited) @executable_path/Frameworks @loader_path/Frameworks";
				PRODUCT_BUNDLE_IDENTIFIER = "com.wsnjy.Bea-CukaiUITests";
				PRODUCT_NAME = "$(TARGET_NAME)";
				SWIFT_VERSION = 4.0;
				TARGETED_DEVICE_FAMILY = "1,2";
				TEST_TARGET_NAME = "Bea Cukai";
			};
			name = Release;
		};
/* End XCBuildConfiguration section */

/* Begin XCConfigurationList section */
		654222A11F63E66A00CE3A84 /* Build configuration list for PBXProject "Bea Cukai" */ = {
			isa = XCConfigurationList;
			buildConfigurations = (
				654222B61F63E66A00CE3A84 /* Debug */,
				654222B71F63E66A00CE3A84 /* Release */,
			);
			defaultConfigurationIsVisible = 0;
			defaultConfigurationName = Release;
		};
		654222B81F63E66A00CE3A84 /* Build configuration list for PBXNativeTarget "Bea Cukai" */ = {
			isa = XCConfigurationList;
			buildConfigurations = (
				654222B91F63E66A00CE3A84 /* Debug */,
				654222BA1F63E66A00CE3A84 /* Release */,
			);
			defaultConfigurationIsVisible = 0;
			defaultConfigurationName = Release;
		};
		656E6DEA1FBF0C620091A4F9 /* Build configuration list for PBXNativeTarget "Bea CukaiUITests" */ = {
			isa = XCConfigurationList;
			buildConfigurations = (
				656E6DE81FBF0C620091A4F9 /* Debug */,
				656E6DE91FBF0C620091A4F9 /* Release */,
			);
			defaultConfigurationIsVisible = 0;
			defaultConfigurationName = Release;
		};
/* End XCConfigurationList section */
	};
	rootObject = 6542229E1F63E66A00CE3A84 /* Project object */;
}
